
Microsoft Visual Studio Solution File, Format Version 12.00
# Visual Studio 15
VisualStudioVersion = 15.0.26124.0
MinimumVisualStudioVersion = 15.0.26124.0
Project("{FAE04EC0-301F-11D3-BF4B-00C04F79EFBC}") = "API", "API\API.csproj", "{4BDDA666-D011-4FD1-A7C2-6EB021C0249A}"
EndProject
Project("{FAE04EC0-301F-11D3-BF4B-00C04F79EFBC}") = "Application", "Application\Application.csproj", "{9F8507F0-2399-4AA5-B8D3-4BB22AF906FA}"
EndProject
Project("{FAE04EC0-301F-11D3-BF4B-00C04F79EFBC}") = "Domain", "Domain\Domain.csproj", "{174DCCCF-1931-46A0-A277-5882D019518C}"
EndProject
Project("{FAE04EC0-301F-11D3-BF4B-00C04F79EFBC}") = "Persistence", "Persistence\Persistence.csproj", "{8EED3CB4-11FE-454B-9CE2-EE4116264800}"
EndProject
Project("{FAE04EC0-301F-11D3-BF4B-00C04F79EFBC}") = "Infrastructure", "Infrastructure\Infrastructure.csproj", "{D4D8D32F-006E-4743-9942-718AE373571F}"
EndProject
Global
	GlobalSection(SolutionConfigurationPlatforms) = preSolution
		Debug|Any CPU = Debug|Any CPU
		Debug|x64 = Debug|x64
		Debug|x86 = Debug|x86
		Release|Any CPU = Release|Any CPU
		Release|x64 = Release|x64
		Release|x86 = Release|x86
	EndGlobalSection
	GlobalSection(SolutionProperties) = preSolution
		HideSolutionNode = FALSE
	EndGlobalSection
	GlobalSection(ProjectConfigurationPlatforms) = postSolution
		{4BDDA666-D011-4FD1-A7C2-6EB021C0249A}.Debug|Any CPU.ActiveCfg = Debug|Any CPU
		{4BDDA666-D011-4FD1-A7C2-6EB021C0249A}.Debug|Any CPU.Build.0 = Debug|Any CPU
		{4BDDA666-D011-4FD1-A7C2-6EB021C0249A}.Debug|x64.ActiveCfg = Debug|Any CPU
		{4BDDA666-D011-4FD1-A7C2-6EB021C0249A}.Debug|x64.Build.0 = Debug|Any CPU
		{4BDDA666-D011-4FD1-A7C2-6EB021C0249A}.Debug|x86.ActiveCfg = Debug|Any CPU
		{4BDDA666-D011-4FD1-A7C2-6EB021C0249A}.Debug|x86.Build.0 = Debug|Any CPU
		{4BDDA666-D011-4FD1-A7C2-6EB021C0249A}.Release|Any CPU.ActiveCfg = Release|Any CPU
		{4BDDA666-D011-4FD1-A7C2-6EB021C0249A}.Release|Any CPU.Build.0 = Release|Any CPU
		{4BDDA666-D011-4FD1-A7C2-6EB021C0249A}.Release|x64.ActiveCfg = Release|Any CPU
		{4BDDA666-D011-4FD1-A7C2-6EB021C0249A}.Release|x64.Build.0 = Release|Any CPU
		{4BDDA666-D011-4FD1-A7C2-6EB021C0249A}.Release|x86.ActiveCfg = Release|Any CPU
		{4BDDA666-D011-4FD1-A7C2-6EB021C0249A}.Release|x86.Build.0 = Release|Any CPU
		{9F8507F0-2399-4AA5-B8D3-4BB22AF906FA}.Debug|Any CPU.ActiveCfg = Debug|Any CPU
		{9F8507F0-2399-4AA5-B8D3-4BB22AF906FA}.Debug|Any CPU.Build.0 = Debug|Any CPU
		{9F8507F0-2399-4AA5-B8D3-4BB22AF906FA}.Debug|x64.ActiveCfg = Debug|Any CPU
		{9F8507F0-2399-4AA5-B8D3-4BB22AF906FA}.Debug|x64.Build.0 = Debug|Any CPU
		{9F8507F0-2399-4AA5-B8D3-4BB22AF906FA}.Debug|x86.ActiveCfg = Debug|Any CPU
		{9F8507F0-2399-4AA5-B8D3-4BB22AF906FA}.Debug|x86.Build.0 = Debug|Any CPU
		{9F8507F0-2399-4AA5-B8D3-4BB22AF906FA}.Release|Any CPU.ActiveCfg = Release|Any CPU
		{9F8507F0-2399-4AA5-B8D3-4BB22AF906FA}.Release|Any CPU.Build.0 = Release|Any CPU
		{9F8507F0-2399-4AA5-B8D3-4BB22AF906FA}.Release|x64.ActiveCfg = Release|Any CPU
		{9F8507F0-2399-4AA5-B8D3-4BB22AF906FA}.Release|x64.Build.0 = Release|Any CPU
		{9F8507F0-2399-4AA5-B8D3-4BB22AF906FA}.Release|x86.ActiveCfg = Release|Any CPU
		{9F8507F0-2399-4AA5-B8D3-4BB22AF906FA}.Release|x86.Build.0 = Release|Any CPU
		{174DCCCF-1931-46A0-A277-5882D019518C}.Debug|Any CPU.ActiveCfg = Debug|Any CPU
		{174DCCCF-1931-46A0-A277-5882D019518C}.Debug|Any CPU.Build.0 = Debug|Any CPU
		{174DCCCF-1931-46A0-A277-5882D019518C}.Debug|x64.ActiveCfg = Debug|Any CPU
		{174DCCCF-1931-46A0-A277-5882D019518C}.Debug|x64.Build.0 = Debug|Any CPU
		{174DCCCF-1931-46A0-A277-5882D019518C}.Debug|x86.ActiveCfg = Debug|Any CPU
		{174DCCCF-1931-46A0-A277-5882D019518C}.Debug|x86.Build.0 = Debug|Any CPU
		{174DCCCF-1931-46A0-A277-5882D019518C}.Release|Any CPU.ActiveCfg = Release|Any CPU
		{174DCCCF-1931-46A0-A277-5882D019518C}.Release|Any CPU.Build.0 = Release|Any CPU
		{174DCCCF-1931-46A0-A277-5882D019518C}.Release|x64.ActiveCfg = Release|Any CPU
		{174DCCCF-1931-46A0-A277-5882D019518C}.Release|x64.Build.0 = Release|Any CPU
		{174DCCCF-1931-46A0-A277-5882D019518C}.Release|x86.ActiveCfg = Release|Any CPU
		{174DCCCF-1931-46A0-A277-5882D019518C}.Release|x86.Build.0 = Release|Any CPU
		{8EED3CB4-11FE-454B-9CE2-EE4116264800}.Debug|Any CPU.ActiveCfg = Debug|Any CPU
		{8EED3CB4-11FE-454B-9CE2-EE4116264800}.Debug|Any CPU.Build.0 = Debug|Any CPU
		{8EED3CB4-11FE-454B-9CE2-EE4116264800}.Debug|x64.ActiveCfg = Debug|Any CPU
		{8EED3CB4-11FE-454B-9CE2-EE4116264800}.Debug|x64.Build.0 = Debug|Any CPU
		{8EED3CB4-11FE-454B-9CE2-EE4116264800}.Debug|x86.ActiveCfg = Debug|Any CPU
		{8EED3CB4-11FE-454B-9CE2-EE4116264800}.Debug|x86.Build.0 = Debug|Any CPU
		{8EED3CB4-11FE-454B-9CE2-EE4116264800}.Release|Any CPU.ActiveCfg = Release|Any CPU
		{8EED3CB4-11FE-454B-9CE2-EE4116264800}.Release|Any CPU.Build.0 = Release|Any CPU
		{8EED3CB4-11FE-454B-9CE2-EE4116264800}.Release|x64.ActiveCfg = Release|Any CPU
		{8EED3CB4-11FE-454B-9CE2-EE4116264800}.Release|x64.Build.0 = Release|Any CPU
		{8EED3CB4-11FE-454B-9CE2-EE4116264800}.Release|x86.ActiveCfg = Release|Any CPU
		{8EED3CB4-11FE-454B-9CE2-EE4116264800}.Release|x86.Build.0 = Release|Any CPU
		{D4D8D32F-006E-4743-9942-718AE373571F}.Debug|Any CPU.ActiveCfg = Debug|Any CPU
		{D4D8D32F-006E-4743-9942-718AE373571F}.Debug|Any CPU.Build.0 = Debug|Any CPU
		{D4D8D32F-006E-4743-9942-718AE373571F}.Debug|x64.ActiveCfg = Debug|Any CPU
		{D4D8D32F-006E-4743-9942-718AE373571F}.Debug|x64.Build.0 = Debug|Any CPU
		{D4D8D32F-006E-4743-9942-718AE373571F}.Debug|x86.ActiveCfg = Debug|Any CPU
		{D4D8D32F-006E-4743-9942-718AE373571F}.Debug|x86.Build.0 = Debug|Any CPU
		{D4D8D32F-006E-4743-9942-718AE373571F}.Release|Any CPU.ActiveCfg = Release|Any CPU
		{D4D8D32F-006E-4743-9942-718AE373571F}.Release|Any CPU.Build.0 = Release|Any CPU
		{D4D8D32F-006E-4743-9942-718AE373571F}.Release|x64.ActiveCfg = Release|Any CPU
		{D4D8D32F-006E-4743-9942-718AE373571F}.Release|x64.Build.0 = Release|Any CPU
		{D4D8D32F-006E-4743-9942-718AE373571F}.Release|x86.ActiveCfg = Release|Any CPU
		{D4D8D32F-006E-4743-9942-718AE373571F}.Release|x86.Build.0 = Release|Any CPU
	EndGlobalSection
EndGlobal
